
Microsoft Visual Studio Solution File, Format Version 12.00
# Visual Studio Version 17
VisualStudioVersion = 17.10.35027.167
MinimumVisualStudioVersion = 10.0.40219.1
Project("{FAE04EC0-301F-11D3-BF4B-00C04F79EFBC}") = "BearerAuthApp", "BearerAuthApp.csproj", "{7F3B9D02-DBE8-44CD-8588-757B327CD6F0}"
EndProject
Global
	GlobalSection(SolutionConfigurationPlatforms) = preSolution
		Debug|Any CPU = Debug|Any CPU
		Release|Any CPU = Release|Any CPU
	EndGlobalSection
	GlobalSection(ProjectConfigurationPlatforms) = postSolution
		{7F3B9D02-DBE8-44CD-8588-757B327CD6F0}.Debug|Any CPU.ActiveCfg = Debug|Any CPU
		{7F3B9D02-DBE8-44CD-8588-757B327CD6F0}.Debug|Any CPU.Build.0 = Debug|Any CPU
		{7F3B9D02-DBE8-44CD-8588-757B327CD6F0}.Release|Any CPU.ActiveCfg = Release|Any CPU
		{7F3B9D02-DBE8-44CD-8588-757B327CD6F0}.Release|Any CPU.Build.0 = Release|Any CPU
	EndGlobalSection
	GlobalSection(SolutionProperties) = preSolution
		HideSolutionNode = FALSE
	EndGlobalSection
	GlobalSection(ExtensibilityGlobals) = postSolution
		SolutionGuid = {A71055E7-56E1-4DC3-82B2-B3F4E0018D01}
	EndGlobalSection
EndGlobal
